
Microsoft Visual Studio Solution File, Format Version 12.00
# Visual Studio Version 16
VisualStudioVersion = 16.0.28922.388
MinimumVisualStudioVersion = 10.0.40219.1
Project("{FAE04EC0-301F-11D3-BF4B-00C04F79EFBC}") = "Angular-MVC", "Angular-MVC.csproj", "{292E7633-C3C4-436B-A4B2-32E9AF496234}"
EndProject
Global
	GlobalSection(SolutionConfigurationPlatforms) = preSolution
		Debug|Any CPU = Debug|Any CPU
		Release|Any CPU = Release|Any CPU
	EndGlobalSection
	GlobalSection(ProjectConfigurationPlatforms) = postSolution
		{292E7633-C3C4-436B-A4B2-32E9AF496234}.Debug|Any CPU.ActiveCfg = Debug|Any CPU
		{292E7633-C3C4-436B-A4B2-32E9AF496234}.Debug|Any CPU.Build.0 = Debug|Any CPU
		{292E7633-C3C4-436B-A4B2-32E9AF496234}.Release|Any CPU.ActiveCfg = Release|Any CPU
		{292E7633-C3C4-436B-A4B2-32E9AF496234}.Release|Any CPU.Build.0 = Release|Any CPU
	EndGlobalSection
	GlobalSection(SolutionProperties) = preSolution
		HideSolutionNode = FALSE
	EndGlobalSection
	GlobalSection(ExtensibilityGlobals) = postSolution
		SolutionGuid = {C7F98602-1F07-4D7D-A76B-A1A854C39C2D}
	EndGlobalSection
EndGlobal
